{
  "name": "HarbourSense",
  "lockfileVersion": 3,
  "requires": true,
  "packages": {
    "": {
      "dependencies": {
        "node-dijkstra": "^2.5.1"
      }
    },
    "node_modules/node-dijkstra": {
      "version": "2.5.1",
      "resolved": "https://registry.npmjs.org/node-dijkstra/-/node-dijkstra-2.5.1.tgz",
      "integrity": "sha512-0Nj8CRsQ5Y7BVuxODuIlPLb8rx0HbpLvNhwzSLxx85RBYUt3ntqwJ0xN3sm1/16su2OdwYH4bm4podGVzdB71g==",
      "license": "MIT"
    }
  }
}
